# THIS IS AN AUTOGENERATED FILE. DO NOT EDIT THIS FILE DIRECTLY.
# yarn lockfile v1


ejs@0.7.1:
  version "0.7.1"
  resolved "https://registry.yarnpkg.com/ejs/-/ejs-0.7.1.tgz#6dab41cbdee572986db328a2a8d22040f20fba7c"
  integrity sha1-batBy97lcphtsyiiqNIgQPIPunw=

masonry@^0.0.2:
  version "0.0.2"
  resolved "https://registry.yarnpkg.com/masonry/-/masonry-0.0.2.tgz#c06a0b2efc043727eadd16b35fdae93a3908f432"
  integrity sha1-wGoLLvwENyfq3RazX9rpOjkI9DI=
  dependencies:
    ejs "0.7.1"
